
Microsoft Visual Studio Solution File, Format Version 12.00
# Visual Studio Version 16
VisualStudioVersion = 16.0.30709.64
MinimumVisualStudioVersion = 10.0.40219.1
Project("{8BC9CEB8-8B4A-11D0-8D11-00A0C91BC942}") = "AWP_Block3", "AWP_Block3\AWP_Block3.vcxproj", "{F13A7EA8-F5FC-4E92-83A7-55D9628BFC8B}"
EndProject
Global
	GlobalSection(SolutionConfigurationPlatforms) = preSolution
		Debug|x64 = Debug|x64
		Debug|x86 = Debug|x86
		Release|x64 = Release|x64
		Release|x86 = Release|x86
	EndGlobalSection
	GlobalSection(ProjectConfigurationPlatforms) = postSolution
		{F13A7EA8-F5FC-4E92-83A7-55D9628BFC8B}.Debug|x64.ActiveCfg = Debug|x64
		{F13A7EA8-F5FC-4E92-83A7-55D9628BFC8B}.Debug|x64.Build.0 = Debug|x64
		{F13A7EA8-F5FC-4E92-83A7-55D9628BFC8B}.Debug|x86.ActiveCfg = Debug|Win32
		{F13A7EA8-F5FC-4E92-83A7-55D9628BFC8B}.Debug|x86.Build.0 = Debug|Win32
		{F13A7EA8-F5FC-4E92-83A7-55D9628BFC8B}.Release|x64.ActiveCfg = Release|x64
		{F13A7EA8-F5FC-4E92-83A7-55D9628BFC8B}.Release|x64.Build.0 = Release|x64
		{F13A7EA8-F5FC-4E92-83A7-55D9628BFC8B}.Release|x86.ActiveCfg = Release|Win32
		{F13A7EA8-F5FC-4E92-83A7-55D9628BFC8B}.Release|x86.Build.0 = Release|Win32
	EndGlobalSection
	GlobalSection(SolutionProperties) = preSolution
		HideSolutionNode = FALSE
	EndGlobalSection
	GlobalSection(ExtensibilityGlobals) = postSolution
		SolutionGuid = {5820C1C3-5FC2-418B-9D2F-4F0F518C1B41}
	EndGlobalSection
EndGlobal
