
Microsoft Visual Studio Solution File, Format Version 12.00
# Visual Studio Version 16
VisualStudioVersion = 16.0.30709.64
MinimumVisualStudioVersion = 10.0.40219.1
Project("{8BC9CEB8-8B4A-11D0-8D11-00A0C91BC942}") = "AWP_Block3", "AWP_Block3\AWP_Block3.vcxproj", "{F13A7EA8-F5FC-4E92-83A7-55D9628BFC8B}"
EndProject
Project("{9A19103F-16F7-4668-BE54-9A1E7A4F7556}") = "CSProject", "CSProject\CSProject.csproj", "{73A1417E-2840-4474-8F1F-0B42F5B82F60}"
EndProject
Project("{8BC9CEB8-8B4A-11D0-8D11-00A0C91BC942}") = "BikeThing", "BikeThing\BikeThing.vcxproj", "{605BAD95-1CA9-4A32-82B5-AB6393C3D197}"
EndProject
Project("{9A19103F-16F7-4668-BE54-9A1E7A4F7556}") = "CSBlock6", "CSBlock6\CSBlock6.csproj", "{079A28E9-A68D-4F8A-B949-C483D1FC7A63}"
EndProject
Project("{FAE04EC0-301F-11D3-BF4B-00C04F79EFBC}") = "CS_Test", "CS_Test\CS_Test.csproj", "{A854C108-123E-4DAD-895E-C4EE1C311FA8}"
EndProject
Project("{8BC9CEB8-8B4A-11D0-8D11-00A0C91BC942}") = "CPP_Test", "CPP_Test\CPP_Test.vcxproj", "{8AA4056B-4183-49E9-9BBC-2402115B20C4}"
EndProject
Global
	GlobalSection(SolutionConfigurationPlatforms) = preSolution
		Debug|Any CPU = Debug|Any CPU
		Debug|x64 = Debug|x64
		Debug|x86 = Debug|x86
		Release|Any CPU = Release|Any CPU
		Release|x64 = Release|x64
		Release|x86 = Release|x86
	EndGlobalSection
	GlobalSection(ProjectConfigurationPlatforms) = postSolution
		{F13A7EA8-F5FC-4E92-83A7-55D9628BFC8B}.Debug|Any CPU.ActiveCfg = Debug|Win32
		{F13A7EA8-F5FC-4E92-83A7-55D9628BFC8B}.Debug|x64.ActiveCfg = Debug|x64
		{F13A7EA8-F5FC-4E92-83A7-55D9628BFC8B}.Debug|x64.Build.0 = Debug|x64
		{F13A7EA8-F5FC-4E92-83A7-55D9628BFC8B}.Debug|x86.ActiveCfg = Debug|Win32
		{F13A7EA8-F5FC-4E92-83A7-55D9628BFC8B}.Debug|x86.Build.0 = Debug|Win32
		{F13A7EA8-F5FC-4E92-83A7-55D9628BFC8B}.Release|Any CPU.ActiveCfg = Release|Win32
		{F13A7EA8-F5FC-4E92-83A7-55D9628BFC8B}.Release|x64.ActiveCfg = Release|x64
		{F13A7EA8-F5FC-4E92-83A7-55D9628BFC8B}.Release|x64.Build.0 = Release|x64
		{F13A7EA8-F5FC-4E92-83A7-55D9628BFC8B}.Release|x86.ActiveCfg = Release|Win32
		{F13A7EA8-F5FC-4E92-83A7-55D9628BFC8B}.Release|x86.Build.0 = Release|Win32
		{73A1417E-2840-4474-8F1F-0B42F5B82F60}.Debug|Any CPU.ActiveCfg = Debug|Any CPU
		{73A1417E-2840-4474-8F1F-0B42F5B82F60}.Debug|Any CPU.Build.0 = Debug|Any CPU
		{73A1417E-2840-4474-8F1F-0B42F5B82F60}.Debug|x64.ActiveCfg = Debug|Any CPU
		{73A1417E-2840-4474-8F1F-0B42F5B82F60}.Debug|x64.Build.0 = Debug|Any CPU
		{73A1417E-2840-4474-8F1F-0B42F5B82F60}.Debug|x86.ActiveCfg = Debug|Any CPU
		{73A1417E-2840-4474-8F1F-0B42F5B82F60}.Debug|x86.Build.0 = Debug|Any CPU
		{73A1417E-2840-4474-8F1F-0B42F5B82F60}.Release|Any CPU.ActiveCfg = Release|Any CPU
		{73A1417E-2840-4474-8F1F-0B42F5B82F60}.Release|Any CPU.Build.0 = Release|Any CPU
		{73A1417E-2840-4474-8F1F-0B42F5B82F60}.Release|x64.ActiveCfg = Release|Any CPU
		{73A1417E-2840-4474-8F1F-0B42F5B82F60}.Release|x64.Build.0 = Release|Any CPU
		{73A1417E-2840-4474-8F1F-0B42F5B82F60}.Release|x86.ActiveCfg = Release|Any CPU
		{73A1417E-2840-4474-8F1F-0B42F5B82F60}.Release|x86.Build.0 = Release|Any CPU
		{605BAD95-1CA9-4A32-82B5-AB6393C3D197}.Debug|Any CPU.ActiveCfg = Debug|Win32
		{605BAD95-1CA9-4A32-82B5-AB6393C3D197}.Debug|x64.ActiveCfg = Debug|x64
		{605BAD95-1CA9-4A32-82B5-AB6393C3D197}.Debug|x64.Build.0 = Debug|x64
		{605BAD95-1CA9-4A32-82B5-AB6393C3D197}.Debug|x86.ActiveCfg = Debug|Win32
		{605BAD95-1CA9-4A32-82B5-AB6393C3D197}.Debug|x86.Build.0 = Debug|Win32
		{605BAD95-1CA9-4A32-82B5-AB6393C3D197}.Release|Any CPU.ActiveCfg = Release|Win32
		{605BAD95-1CA9-4A32-82B5-AB6393C3D197}.Release|x64.ActiveCfg = Release|x64
		{605BAD95-1CA9-4A32-82B5-AB6393C3D197}.Release|x64.Build.0 = Release|x64
		{605BAD95-1CA9-4A32-82B5-AB6393C3D197}.Release|x86.ActiveCfg = Release|Win32
		{605BAD95-1CA9-4A32-82B5-AB6393C3D197}.Release|x86.Build.0 = Release|Win32
		{079A28E9-A68D-4F8A-B949-C483D1FC7A63}.Debug|Any CPU.ActiveCfg = Debug|Any CPU
		{079A28E9-A68D-4F8A-B949-C483D1FC7A63}.Debug|Any CPU.Build.0 = Debug|Any CPU
		{079A28E9-A68D-4F8A-B949-C483D1FC7A63}.Debug|x64.ActiveCfg = Debug|Any CPU
		{079A28E9-A68D-4F8A-B949-C483D1FC7A63}.Debug|x64.Build.0 = Debug|Any CPU
		{079A28E9-A68D-4F8A-B949-C483D1FC7A63}.Debug|x86.ActiveCfg = Debug|Any CPU
		{079A28E9-A68D-4F8A-B949-C483D1FC7A63}.Debug|x86.Build.0 = Debug|Any CPU
		{079A28E9-A68D-4F8A-B949-C483D1FC7A63}.Release|Any CPU.ActiveCfg = Release|Any CPU
		{079A28E9-A68D-4F8A-B949-C483D1FC7A63}.Release|Any CPU.Build.0 = Release|Any CPU
		{079A28E9-A68D-4F8A-B949-C483D1FC7A63}.Release|x64.ActiveCfg = Release|Any CPU
		{079A28E9-A68D-4F8A-B949-C483D1FC7A63}.Release|x64.Build.0 = Release|Any CPU
		{079A28E9-A68D-4F8A-B949-C483D1FC7A63}.Release|x86.ActiveCfg = Release|Any CPU
		{079A28E9-A68D-4F8A-B949-C483D1FC7A63}.Release|x86.Build.0 = Release|Any CPU
		{A854C108-123E-4DAD-895E-C4EE1C311FA8}.Debug|Any CPU.ActiveCfg = Debug|Any CPU
		{A854C108-123E-4DAD-895E-C4EE1C311FA8}.Debug|Any CPU.Build.0 = Debug|Any CPU
		{A854C108-123E-4DAD-895E-C4EE1C311FA8}.Debug|x64.ActiveCfg = Debug|Any CPU
		{A854C108-123E-4DAD-895E-C4EE1C311FA8}.Debug|x64.Build.0 = Debug|Any CPU
		{A854C108-123E-4DAD-895E-C4EE1C311FA8}.Debug|x86.ActiveCfg = Debug|Any CPU
		{A854C108-123E-4DAD-895E-C4EE1C311FA8}.Debug|x86.Build.0 = Debug|Any CPU
		{A854C108-123E-4DAD-895E-C4EE1C311FA8}.Release|Any CPU.ActiveCfg = Release|Any CPU
		{A854C108-123E-4DAD-895E-C4EE1C311FA8}.Release|Any CPU.Build.0 = Release|Any CPU
		{A854C108-123E-4DAD-895E-C4EE1C311FA8}.Release|x64.ActiveCfg = Release|Any CPU
		{A854C108-123E-4DAD-895E-C4EE1C311FA8}.Release|x64.Build.0 = Release|Any CPU
		{A854C108-123E-4DAD-895E-C4EE1C311FA8}.Release|x86.ActiveCfg = Release|Any CPU
		{A854C108-123E-4DAD-895E-C4EE1C311FA8}.Release|x86.Build.0 = Release|Any CPU
		{8AA4056B-4183-49E9-9BBC-2402115B20C4}.Debug|Any CPU.ActiveCfg = Debug|Win32
		{8AA4056B-4183-49E9-9BBC-2402115B20C4}.Debug|x64.ActiveCfg = Debug|x64
		{8AA4056B-4183-49E9-9BBC-2402115B20C4}.Debug|x64.Build.0 = Debug|x64
		{8AA4056B-4183-49E9-9BBC-2402115B20C4}.Debug|x86.ActiveCfg = Debug|Win32
		{8AA4056B-4183-49E9-9BBC-2402115B20C4}.Debug|x86.Build.0 = Debug|Win32
		{8AA4056B-4183-49E9-9BBC-2402115B20C4}.Release|Any CPU.ActiveCfg = Release|Win32
		{8AA4056B-4183-49E9-9BBC-2402115B20C4}.Release|x64.ActiveCfg = Release|x64
		{8AA4056B-4183-49E9-9BBC-2402115B20C4}.Release|x64.Build.0 = Release|x64
		{8AA4056B-4183-49E9-9BBC-2402115B20C4}.Release|x86.ActiveCfg = Release|Win32
		{8AA4056B-4183-49E9-9BBC-2402115B20C4}.Release|x86.Build.0 = Release|Win32
	EndGlobalSection
	GlobalSection(SolutionProperties) = preSolution
		HideSolutionNode = FALSE
	EndGlobalSection
	GlobalSection(ExtensibilityGlobals) = postSolution
		SolutionGuid = {5820C1C3-5FC2-418B-9D2F-4F0F518C1B41}
	EndGlobalSection
EndGlobal
